PODS:
  - calc7 (0.1.0):
    - LibTorch (~> 1.13.0.1)
  - LibTorch (1.13.0.1):
    - LibTorch/Core (= 1.13.0.1)
  - LibTorch/Core (1.13.0.1):
    - LibTorch/Torch
  - LibTorch/Torch (1.13.0.1)

DEPENDENCIES:
  - calc7 (from `../`)

SPEC REPOS:
  trunk:
    - LibTorch

EXTERNAL SOURCES:
  calc7:
    :path: "../"

SPEC CHECKSUMS:
  calc7: 8d7bcf15edc4036bab6a144243ab5c6da77eed4b
  LibTorch: 8abfa5fc9d146230b31065a29b0502e1104956ea

PODFILE CHECKSUM: bb50247be4b99a1494d0ae23b3f094d77653254e

COCOAPODS: 1.14.2
